
Microsoft Visual Studio Solution File, Format Version 12.00
# Visual Studio Version 16
VisualStudioVersion = 16.0.31624.102
MinimumVisualStudioVersion = 10.0.40219.1
Project("{9A19103F-16F7-4668-BE54-9A1E7A4F7556}") = "DPend.Model", "DPend.Model\DPend.Model.csproj", "{190897C3-EAF9-4260-8C45-36A81469BCB4}"
EndProject
Project("{9A19103F-16F7-4668-BE54-9A1E7A4F7556}") = "DPend.WinForms", "DPend.WinForms\DPend.WinForms.csproj", "{86C1BC3C-633E-4A6B-BA04-EA620C80E75E}"
EndProject
Project("{9A19103F-16F7-4668-BE54-9A1E7A4F7556}") = "DPend.Tests", "DPend.Tests\DPend.Tests.csproj", "{56F26DD5-FFCD-4363-80A5-9121D4F18017}"
EndProject
Global
	GlobalSection(SolutionConfigurationPlatforms) = preSolution
		Debug|Any CPU = Debug|Any CPU
		Release|Any CPU = Release|Any CPU
	EndGlobalSection
	GlobalSection(ProjectConfigurationPlatforms) = postSolution
		{190897C3-EAF9-4260-8C45-36A81469BCB4}.Debug|Any CPU.ActiveCfg = Debug|Any CPU
		{190897C3-EAF9-4260-8C45-36A81469BCB4}.Debug|Any CPU.Build.0 = Debug|Any CPU
		{190897C3-EAF9-4260-8C45-36A81469BCB4}.Release|Any CPU.ActiveCfg = Release|Any CPU
		{190897C3-EAF9-4260-8C45-36A81469BCB4}.Release|Any CPU.Build.0 = Release|Any CPU
		{86C1BC3C-633E-4A6B-BA04-EA620C80E75E}.Debug|Any CPU.ActiveCfg = Debug|Any CPU
		{86C1BC3C-633E-4A6B-BA04-EA620C80E75E}.Debug|Any CPU.Build.0 = Debug|Any CPU
		{86C1BC3C-633E-4A6B-BA04-EA620C80E75E}.Release|Any CPU.ActiveCfg = Release|Any CPU
		{86C1BC3C-633E-4A6B-BA04-EA620C80E75E}.Release|Any CPU.Build.0 = Release|Any CPU
		{56F26DD5-FFCD-4363-80A5-9121D4F18017}.Debug|Any CPU.ActiveCfg = Debug|Any CPU
		{56F26DD5-FFCD-4363-80A5-9121D4F18017}.Debug|Any CPU.Build.0 = Debug|Any CPU
		{56F26DD5-FFCD-4363-80A5-9121D4F18017}.Release|Any CPU.ActiveCfg = Release|Any CPU
		{56F26DD5-FFCD-4363-80A5-9121D4F18017}.Release|Any CPU.Build.0 = Release|Any CPU
	EndGlobalSection
	GlobalSection(SolutionProperties) = preSolution
		HideSolutionNode = FALSE
	EndGlobalSection
	GlobalSection(ExtensibilityGlobals) = postSolution
		SolutionGuid = {B0C84184-8DA5-4AED-B3EB-75619DA8E180}
	EndGlobalSection
EndGlobal
